{
  "name": "tado",
  "lockfileVersion": 3,
  "requires": true,
  "packages": {
    "": {
      "dependencies": {
        "@cumulus_cloud/tado": "^0.1.0"
      }
    },
    "node_modules/@cumulus_cloud/tado": {
      "version": "0.1.0",
      "resolved": "https://registry.npmjs.org/@cumulus_cloud/tado/-/tado-0.1.0.tgz",
      "integrity": "sha512-jrFLNq6HiFcbPRBWmozntj8GmnXNIh5+DmKlq7q7IWDtgIVxKnLaBQerMdxGS3yrcmeulPeKhr333FEBqw6BgQ==",
      "cpu": [
        "arm64",
        "x64"
      ],
      "license": "MIT",
      "os": [
        "darwin"
      ],
      "bin": {
        "tado": "bin/tado.js",
        "tado-tui": "bin/tado.js"
      },
      "engines": {
        "node": ">=18"
      }
    }
  }
}
